
Microsoft Visual Studio Solution File, Format Version 12.00
# Visual Studio Version 17
VisualStudioVersion = 17.8.34322.80
MinimumVisualStudioVersion = 10.0.40219.1
Project("{2150E333-8FDC-42A3-9474-1A3956D46DE8}") = "src", "src", "{96D10826-5AAD-4A1C-9650-DF114325A48D}"
EndProject
Project("{9A19103F-16F7-4668-BE54-9A1E7A4F7556}") = "blazor", "src\blazor\blazor.csproj", "{959D08AC-93C7-4CF6-964C-39E4B1B17EAA}"
EndProject
Project("{9A19103F-16F7-4668-BE54-9A1E7A4F7556}") = "WebApi", "src\WebApi\WebApi.csproj", "{DEE92EE7-5C25-40B5-B697-5FA077112315}"
EndProject
Project("{FAE04EC0-301F-11D3-BF4B-00C04F79EFBC}") = "Test.Pizza", "src\Test.Pizza\Test.Pizza.csproj", "{003087BE-7B20-493D-A529-84A3A8539ADA}"
EndProject
Global
	GlobalSection(SolutionConfigurationPlatforms) = preSolution
		Debug|Any CPU = Debug|Any CPU
		Release|Any CPU = Release|Any CPU
	EndGlobalSection
	GlobalSection(ProjectConfigurationPlatforms) = postSolution
		{959D08AC-93C7-4CF6-964C-39E4B1B17EAA}.Debug|Any CPU.ActiveCfg = Debug|Any CPU
		{959D08AC-93C7-4CF6-964C-39E4B1B17EAA}.Debug|Any CPU.Build.0 = Debug|Any CPU
		{959D08AC-93C7-4CF6-964C-39E4B1B17EAA}.Release|Any CPU.ActiveCfg = Release|Any CPU
		{959D08AC-93C7-4CF6-964C-39E4B1B17EAA}.Release|Any CPU.Build.0 = Release|Any CPU
		{DEE92EE7-5C25-40B5-B697-5FA077112315}.Debug|Any CPU.ActiveCfg = Debug|Any CPU
		{DEE92EE7-5C25-40B5-B697-5FA077112315}.Debug|Any CPU.Build.0 = Debug|Any CPU
		{DEE92EE7-5C25-40B5-B697-5FA077112315}.Release|Any CPU.ActiveCfg = Release|Any CPU
		{DEE92EE7-5C25-40B5-B697-5FA077112315}.Release|Any CPU.Build.0 = Release|Any CPU
		{003087BE-7B20-493D-A529-84A3A8539ADA}.Debug|Any CPU.ActiveCfg = Debug|Any CPU
		{003087BE-7B20-493D-A529-84A3A8539ADA}.Debug|Any CPU.Build.0 = Debug|Any CPU
		{003087BE-7B20-493D-A529-84A3A8539ADA}.Release|Any CPU.ActiveCfg = Release|Any CPU
		{003087BE-7B20-493D-A529-84A3A8539ADA}.Release|Any CPU.Build.0 = Release|Any CPU
	EndGlobalSection
	GlobalSection(SolutionProperties) = preSolution
		HideSolutionNode = FALSE
	EndGlobalSection
	GlobalSection(NestedProjects) = preSolution
		{959D08AC-93C7-4CF6-964C-39E4B1B17EAA} = {96D10826-5AAD-4A1C-9650-DF114325A48D}
		{DEE92EE7-5C25-40B5-B697-5FA077112315} = {96D10826-5AAD-4A1C-9650-DF114325A48D}
		{003087BE-7B20-493D-A529-84A3A8539ADA} = {96D10826-5AAD-4A1C-9650-DF114325A48D}
	EndGlobalSection
EndGlobal
